{
  "nodes": {
    "brew-src": {
      "flake": false,
      "locked": {
        "lastModified": 1785146564,
        "narHash": "sha256-Sa7/HrfB04H32OJ7/ofxXjiZEbkWtCNOriONYYTL1OA=",
        "owner": "Homebrew",
        "repo": "brew",
        "rev": "b2cfc03346d482f79886de108fee5dc49a6efc10",
        "type": "github"
      },
      "original": {
        "owner": "Homebrew",
        "ref": "6.0.13",
        "repo": "brew",
        "type": "github"
      }
    },
    "firefox-addons": {
      "inputs": {
        "nixpkgs": [
          "nixpkgs"
        ]
      },
      "locked": {
        "dir": "pkgs/firefox-addons",
        "lastModified": 1783828963,
        "narHash": "sha256-eTytzcUJCaDUZ3/9EF0+V3fvlikQMQBwiX1Sx4Gy+No=",
        "owner": "rycee",
        "repo": "nur-expressions",
        "rev": "8d61e9afde605cd6c22dab68b83d7a71f0a6c5b2",
        "type": "gitlab"
      },
      "original": {
        "dir": "pkgs/firefox-addons",
        "owner": "rycee",
        "repo": "nur-expressions",
        "type": "gitlab"
      }
    },
    "home-manager": {
      "inputs": {
        "nixpkgs": [
          "nixpkgs"
        ]
      },
      "locked": {
        "lastModified": 1783740085,
        "narHash": "sha256-qajyHfZY29G2oEQk+uHxmsJcRoBUBXP9maTpFlwP/dI=",
        "owner": "nix-community",
        "repo": "home-manager",
        "rev": "3cd22efe6471dc7365c822bd9ad73a21e55f38fb",
        "type": "github"
      },
      "original": {
        "owner": "nix-community",
        "ref": "release-26.05",
        "repo": "home-manager",
        "type": "github"
      }
    },
    "nix-darwin": {
      "inputs": {
        "nixpkgs": [
          "nixpkgs"
        ]
      },
      "locked": {
        "lastModified": 1783744694,
        "narHash": "sha256-2cp6N3rrwnGYLTx9l6N+NI+kwrCWxvJUbj5WJhvB29A=",
        "owner": "nix-darwin",
        "repo": "nix-darwin",
        "rev": "c3e90c89649b07d1a96e4b9dd6cd0d6e44b91a74",
        "type": "github"
      },
      "original": {
        "owner": "nix-darwin",
        "ref": "nix-darwin-26.05",
        "repo": "nix-darwin",
        "type": "github"
      }
    },
    "nix-homebrew": {
      "inputs": {
        "brew-src": "brew-src"
      },
      "locked": {
        "lastModified": 1785544760,
        "narHash": "sha256-qV6OoNuly4ntqpCg7esIeJjUboxSnQNlLPxz+y5h9/o=",
        "owner": "zhaofengli",
        "repo": "nix-homebrew",
        "rev": "937ce52c7d046310571f3a070713804ead496843",
        "type": "github"
      },
      "original": {
        "owner": "zhaofengli",
        "repo": "nix-homebrew",
        "type": "github"
      }
    },
    "nixpkgs": {
      "locked": {
        "lastModified": 1783788001,
        "narHash": "sha256-ldd//kQFtHfGWLQd6deNXB6GnN6uLmwjPG6GGx/2vTA=",
        "owner": "NixOS",
        "repo": "nixpkgs",
        "rev": "572a2c2b6faebd71246e3162e4217d7ca63a9300",
        "type": "github"
      },
      "original": {
        "owner": "NixOS",
        "ref": "nixpkgs-26.05-darwin",
        "repo": "nixpkgs",
        "type": "github"
      }
    },
    "root": {
      "inputs": {
        "firefox-addons": "firefox-addons",
        "home-manager": "home-manager",
        "nix-darwin": "nix-darwin",
        "nix-homebrew": "nix-homebrew",
        "nixpkgs": "nixpkgs",
        "simpleBar": "simpleBar",
        "wallpaper": "wallpaper"
      }
    },
    "simpleBar": {
      "flake": false,
      "locked": {
        "lastModified": 1782800488,
        "narHash": "sha256-AoVNnaTXCso6dWnv8kwvu+AMHEYU3znnpDk88UjkT/M=",
        "owner": "Jean-Tinland",
        "repo": "simple-bar",
        "rev": "fb5cada548a05bd01f727772c0a18fd8c7f65b42",
        "type": "github"
      },
      "original": {
        "owner": "Jean-Tinland",
        "repo": "simple-bar",
        "type": "github"
      }
    },
    "wallpaper": {
      "flake": false,
      "locked": {
        "lastModified": 1783940248,
        "narHash": "sha256-UDRizQ8ZHFDVYWI5dMei8X1l0U42oNxfbg5VYUdaxXQ=",
        "ref": "refs/heads/main",
        "rev": "4407fdaf3b5f60a9d2a21aa6d558987000333449",
        "revCount": 2,
        "type": "git",
        "url": "ssh://git@github.com/st1vc3/wallpaper.git"
      },
      "original": {
        "type": "git",
        "url": "ssh://git@github.com/st1vc3/wallpaper.git"
      }
    }
  },
  "root": "root",
  "version": 7
}
